{
  "name": "blog-app",
  "version": "0.1.0",
  "lockfileVersion": 2,
  "requires": true,
  "packages": {
    "": {
      "name": "blog-app",
      "version": "0.1.0",
      "dependencies": {
        "@rails/actioncable": "^6.0.0",
        "@rails/activestorage": "^6.0.0",
        "@rails/ujs": "^6.0.0",
        "turbolinks": "^5.2.0"
      }
    },
    "node_modules/@rails/actioncable": {
      "version": "6.0.5",
      "resolved": "https://registry.npmjs.org/@rails/actioncable/-/actioncable-6.0.5.tgz",
      "integrity": "sha512-79sIsTpIoHnJ6pRHKaC6h5NMRpY+VZD4mqOKN/035X1ehxHgToDWvgMZ4jV5y1qeObg4enmNESmgeKoImYGzOw=="
    },
    "node_modules/@rails/activestorage": {
      "version": "6.0.5",
      "resolved": "https://registry.npmjs.org/@rails/activestorage/-/activestorage-6.0.5.tgz",
      "integrity": "sha512-jp2UKh1QChjOGsApYO3HHuBH1yfv4mqOcKuB70fsT79O/CJWEACVnjKIdaqO+B9BJTKihaxyyepvL7kLfUFiDw==",
      "dependencies": {
        "spark-md5": "^3.0.0"
      }
    },
    "node_modules/@rails/ujs": {
      "version": "6.0.5",
      "resolved": "https://registry.npmjs.org/@rails/ujs/-/ujs-6.0.5.tgz",
      "integrity": "sha512-6nEyc+7jhVQGx84sO7yalQq1G+ZgJa72/5q9Avsm4yIZqVymvLEftK90+B0XZhvJzbiNnbDIFC4Wx5mgHo7lTw=="
    },
    "node_modules/spark-md5": {
      "version": "3.0.2",
      "resolved": "https://registry.npmjs.org/spark-md5/-/spark-md5-3.0.2.tgz",
      "integrity": "sha512-wcFzz9cDfbuqe0FZzfi2or1sgyIrsDwmPwfZC4hiNidPdPINjeUwNfv5kldczoEAcjl9Y1L3SM7Uz2PUEQzxQw=="
    },
    "node_modules/turbolinks": {
      "version": "5.2.0",
      "resolved": "https://registry.npmjs.org/turbolinks/-/turbolinks-5.2.0.tgz",
      "integrity": "sha512-pMiez3tyBo6uRHFNNZoYMmrES/IaGgMhQQM+VFF36keryjb5ms0XkVpmKHkfW/4Vy96qiGW3K9bz0tF5sK9bBw=="
    }
  },
  "dependencies": {
    "@rails/actioncable": {
      "version": "6.0.5",
      "resolved": "https://registry.npmjs.org/@rails/actioncable/-/actioncable-6.0.5.tgz",
      "integrity": "sha512-79sIsTpIoHnJ6pRHKaC6h5NMRpY+VZD4mqOKN/035X1ehxHgToDWvgMZ4jV5y1qeObg4enmNESmgeKoImYGzOw=="
    },
    "@rails/activestorage": {
      "version": "6.0.5",
      "resolved": "https://registry.npmjs.org/@rails/activestorage/-/activestorage-6.0.5.tgz",
      "integrity": "sha512-jp2UKh1QChjOGsApYO3HHuBH1yfv4mqOcKuB70fsT79O/CJWEACVnjKIdaqO+B9BJTKihaxyyepvL7kLfUFiDw==",
      "requires": {
        "spark-md5": "^3.0.0"
      }
    },
    "@rails/ujs": {
      "version": "6.0.5",
      "resolved": "https://registry.npmjs.org/@rails/ujs/-/ujs-6.0.5.tgz",
      "integrity": "sha512-6nEyc+7jhVQGx84sO7yalQq1G+ZgJa72/5q9Avsm4yIZqVymvLEftK90+B0XZhvJzbiNnbDIFC4Wx5mgHo7lTw=="
    },
    "spark-md5": {
      "version": "3.0.2",
      "resolved": "https://registry.npmjs.org/spark-md5/-/spark-md5-3.0.2.tgz",
      "integrity": "sha512-wcFzz9cDfbuqe0FZzfi2or1sgyIrsDwmPwfZC4hiNidPdPINjeUwNfv5kldczoEAcjl9Y1L3SM7Uz2PUEQzxQw=="
    },
    "turbolinks": {
      "version": "5.2.0",
      "resolved": "https://registry.npmjs.org/turbolinks/-/turbolinks-5.2.0.tgz",
      "integrity": "sha512-pMiez3tyBo6uRHFNNZoYMmrES/IaGgMhQQM+VFF36keryjb5ms0XkVpmKHkfW/4Vy96qiGW3K9bz0tF5sK9bBw=="
    }
  }
}
